
Microsoft Visual Studio Solution File, Format Version 12.00
# Visual Studio Version 17
VisualStudioVersion = 17.1.32210.238
MinimumVisualStudioVersion = 10.0.40219.1
Project("{FAE04EC0-301F-11D3-BF4B-00C04F79EFBC}") = "WindowsFormsColaNormal", "WindowsFormsColaNormal\WindowsFormsColaNormal.csproj", "{91189326-5534-46A1-8182-61BCF80BC0EE}"
EndProject
Global
	GlobalSection(SolutionConfigurationPlatforms) = preSolution
		Debug|Any CPU = Debug|Any CPU
		Release|Any CPU = Release|Any CPU
	EndGlobalSection
	GlobalSection(ProjectConfigurationPlatforms) = postSolution
		{91189326-5534-46A1-8182-61BCF80BC0EE}.Debug|Any CPU.ActiveCfg = Debug|Any CPU
		{91189326-5534-46A1-8182-61BCF80BC0EE}.Debug|Any CPU.Build.0 = Debug|Any CPU
		{91189326-5534-46A1-8182-61BCF80BC0EE}.Release|Any CPU.ActiveCfg = Release|Any CPU
		{91189326-5534-46A1-8182-61BCF80BC0EE}.Release|Any CPU.Build.0 = Release|Any CPU
	EndGlobalSection
	GlobalSection(SolutionProperties) = preSolution
		HideSolutionNode = FALSE
	EndGlobalSection
	GlobalSection(ExtensibilityGlobals) = postSolution
		SolutionGuid = {CB0CF8B9-2355-4774-B7AF-072A6BE62751}
	EndGlobalSection
EndGlobal
